# This file is generated by running "yarn install" inside your project.
# Manual changes might be lost - proceed with caution!

__metadata:
  version: 6
  cacheKey: 8

"@next/env@npm:12.3.0":
  version: 12.3.0
  resolution: "@next/env@npm:12.3.0"
  checksum: 9f5d0894de00f8827f887dc737b0beebc1f268cc6809dc0f49acbcc035f4398f2af1dccb2c2f470f2ac31ef450ff5214a1a63ddd5c906b3ea52960824a2552be
  languageName: node
  linkType: hard

"@next/swc-android-arm-eabi@npm:12.3.0":
  version: 12.3.0
  resolution: "@next/swc-android-arm-eabi@npm:12.3.0"
  conditions: os=android & cpu=arm
  languageName: node
  linkType: hard

"@next/swc-android-arm64@npm:12.3.0":
  version: 12.3.0
  resolution: "@next/swc-android-arm64@npm:12.3.0"
  conditions: os=android & cpu=arm64
  languageName: node
  linkType: hard

"@next/swc-darwin-arm64@npm:12.3.0":
  version: 12.3.0
  resolution: "@next/swc-darwin-arm64@npm:12.3.0"
  conditions: os=darwin & cpu=arm64
  languageName: node
  linkType: hard

"@next/swc-darwin-x64@npm:12.3.0":
  version: 12.3.0
  resolution: "@next/swc-darwin-x64@npm:12.3.0"
  conditions: os=darwin & cpu=x64
  languageName: node
  linkType: hard

"@next/swc-freebsd-x64@npm:12.3.0":
  version: 12.3.0
  resolution: "@next/swc-freebsd-x64@npm:12.3.0"
  conditions: os=freebsd & cpu=x64
  languageName: node
  linkType: hard

"@next/swc-linux-arm-gnueabihf@npm:12.3.0":
  version: 12.3.0
  resolution: "@next/swc-linux-arm-gnueabihf@npm:12.3.0"
  conditions: os=linux & cpu=arm
  languageName: node
  linkType: hard

"@next/swc-linux-arm64-gnu@npm:12.3.0":
  version: 12.3.0
  resolution: "@next/swc-linux-arm64-gnu@npm:12.3.0"
  conditions: os=linux & cpu=arm64 & libc=glibc
  languageName: node
  linkType: hard

"@next/swc-linux-arm64-musl@npm:12.3.0":
  version: 12.3.0
  resolution: "@next/swc-linux-arm64-musl@npm:12.3.0"
  conditions: os=linux & cpu=arm64 & libc=musl
  languageName: node
  linkType: hard

"@next/swc-linux-x64-gnu@npm:12.3.0":
  version: 12.3.0
  resolution: "@next/swc-linux-x64-gnu@npm:12.3.0"
  conditions: os=linux & cpu=x64 & libc=glibc
  languageName: node
  linkType: hard

"@next/swc-linux-x64-musl@npm:12.3.0":
  version: 12.3.0
  resolution: "@next/swc-linux-x64-musl@npm:12.3.0"
  conditions: os=linux & cpu=x64 & libc=musl
  languageName: node
  linkType: hard

"@next/swc-win32-arm64-msvc@npm:12.3.0":
  version: 12.3.0
  resolution: "@next/swc-win32-arm64-msvc@npm:12.3.0"
  conditions: os=win32 & cpu=arm64
  languageName: node
  linkType: hard

"@next/swc-win32-ia32-msvc@npm:12.3.0":
  version: 12.3.0
  resolution: "@next/swc-win32-ia32-msvc@npm:12.3.0"
  conditions: os=win32 & cpu=ia32
  languageName: node
  linkType: hard

"@next/swc-win32-x64-msvc@npm:12.3.0":
  version: 12.3.0
  resolution: "@next/swc-win32-x64-msvc@npm:12.3.0"
  conditions: os=win32 & cpu=x64
  languageName: node
  linkType: hard

"@storyblok/app-extension-auth@npm:1.0.0-alpha.1":
  version: 1.0.0-alpha.1
  resolution: "@storyblok/app-extension-auth@npm:1.0.0-alpha.1"
  dependencies:
    jsonwebtoken: ^9.0.0
    openid-client: ^5.4.2
  checksum: db0a11889db7fa707c470eaf5b14ee7066045477dd4905553eca8e420a38e37b80738bb16158c8ff86c61f452208d6d58901277266b0a7865fcf9e4e27f8a842
  languageName: node
  linkType: hard

"@swc/helpers@npm:0.4.11":
  version: 0.4.11
  resolution: "@swc/helpers@npm:0.4.11"
  dependencies:
    tslib: ^2.4.0
  checksum: 736857d524b41a8a4db81094e9b027f554004e0fa3e86325d85bdb38f7e6459ce022db079edb6c61ba0f46fe8583b3e663e95f7acbd13e51b8da6c34e45bba2e
  languageName: node
  linkType: hard

"@types/node@npm:18.7.17":
  version: 18.7.17
  resolution: "@types/node@npm:18.7.17"
  checksum: bb1b832f4ad42a106d189d87e95aef117f0026a7ea291f34c5d106a25419d6d4c9d39099688ad46746cc3c2307c263be4adec1049a35dc12c9e48f19975b2dc6
  languageName: node
  linkType: hard

"@types/prop-types@npm:*":
  version: 15.7.5
  resolution: "@types/prop-types@npm:15.7.5"
  checksum: 5b43b8b15415e1f298243165f1d44390403bb2bd42e662bca3b5b5633fdd39c938e91b7fce3a9483699db0f7a715d08cef220c121f723a634972fdf596aec980
  languageName: node
  linkType: hard

"@types/react@npm:18.0.19":
  version: 18.0.19
  resolution: "@types/react@npm:18.0.19"
  dependencies:
    "@types/prop-types": "*"
    "@types/scheduler": "*"
    csstype: ^3.0.2
  checksum: 7dc048f9a6a38176c4c64ecf7f4c24c732df118402d7f34a4ff1702984c06f040fae1457b1b98b7f447ca2a3392dea7d027a05782dfe1b350475606f82ce6d63
  languageName: node
  linkType: hard

"@types/scheduler@npm:*":
  version: 0.16.2
  resolution: "@types/scheduler@npm:0.16.2"
  checksum: b6b4dcfeae6deba2e06a70941860fb1435730576d3689225a421280b7742318d1548b3d22c1f66ab68e414f346a9542f29240bc955b6332c5b11e561077583bc
  languageName: node
  linkType: hard

"app-extension-nextjs-starter@workspace:.":
  version: 0.0.0-use.local
  resolution: "app-extension-nextjs-starter@workspace:."
  dependencies:
    "@storyblok/app-extension-auth": 1.0.0-alpha.1
    "@types/node": 18.7.17
    "@types/react": 18.0.19
    next: latest
    react: 18.2.0
    react-dom: 18.2.0
    storyblok-js-client: ^5.10.5
    typescript: 5.0.4
  languageName: unknown
  linkType: soft

"buffer-equal-constant-time@npm:1.0.1":
  version: 1.0.1
  resolution: "buffer-equal-constant-time@npm:1.0.1"
  checksum: 80bb945f5d782a56f374b292770901065bad21420e34936ecbe949e57724b4a13874f735850dd1cc61f078773c4fb5493a41391e7bda40d1fa388d6bd80daaab
  languageName: node
  linkType: hard

"caniuse-lite@npm:^1.0.30001332":
  version: 1.0.30001399
  resolution: "caniuse-lite@npm:1.0.30001399"
  checksum: dd105b06fbbdc89867780a2f4debc3ecb184cff82f35b34aaac486628fcc9cf6bacf37573a9cc22dedc661178d460fa8401374a933cb9d2f8ee67316d98b2a8f
  languageName: node
  linkType: hard

"csstype@npm:^3.0.2":
  version: 3.1.1
  resolution: "csstype@npm:3.1.1"
  checksum: 1f7b4f5fdd955b7444b18ebdddf3f5c699159f13e9cf8ac9027ae4a60ae226aef9bbb14a6e12ca7dba3358b007cee6354b116e720262867c398de6c955ea451d
  languageName: node
  linkType: hard

"ecdsa-sig-formatter@npm:1.0.11":
  version: 1.0.11
  resolution: "ecdsa-sig-formatter@npm:1.0.11"
  dependencies:
    safe-buffer: ^5.0.1
  checksum: 207f9ab1c2669b8e65540bce29506134613dd5f122cccf1e6a560f4d63f2732d427d938f8481df175505aad94583bcb32c688737bb39a6df0625f903d6d93c03
  languageName: node
  linkType: hard

"jose@npm:^4.14.1":
  version: 4.14.4
  resolution: "jose@npm:4.14.4"
  checksum: 2d820a91a8fd97c05d8bc8eedc373b944a0cd7f5fe41063086da233d0473c73fb523912a9f026ea870782bd221f4a515f441a2d3af4de48c6f2c76dac5082377
  languageName: node
  linkType: hard

"js-tokens@npm:^3.0.0 || ^4.0.0":
  version: 4.0.0
  resolution: "js-tokens@npm:4.0.0"
  checksum: 8a95213a5a77deb6cbe94d86340e8d9ace2b93bc367790b260101d2f36a2eaf4e4e22d9fa9cf459b38af3a32fb4190e638024cf82ec95ef708680e405ea7cc78
  languageName: node
  linkType: hard

"jsonwebtoken@npm:^9.0.0":
  version: 9.0.0
  resolution: "jsonwebtoken@npm:9.0.0"
  dependencies:
    jws: ^3.2.2
    lodash: ^4.17.21
    ms: ^2.1.1
    semver: ^7.3.8
  checksum: b9181cecf9df99f1dc0253f91ba000a1aa4d91f5816d1608c0dba61a5623726a0bfe200b51df25de18c1a6000825d231ad7ce2788aa54fd48dcb760ad9eb9514
  languageName: node
  linkType: hard

"jwa@npm:^1.4.1":
  version: 1.4.1
  resolution: "jwa@npm:1.4.1"
  dependencies:
    buffer-equal-constant-time: 1.0.1
    ecdsa-sig-formatter: 1.0.11
    safe-buffer: ^5.0.1
  checksum: ff30ea7c2dcc61f3ed2098d868bf89d43701605090c5b21b5544b512843ec6fd9e028381a4dda466cbcdb885c2d1150f7c62e7168394ee07941b4098e1035e2f
  languageName: node
  linkType: hard

"jws@npm:^3.2.2":
  version: 3.2.2
  resolution: "jws@npm:3.2.2"
  dependencies:
    jwa: ^1.4.1
    safe-buffer: ^5.0.1
  checksum: f0213fe5b79344c56cd443428d8f65c16bf842dc8cb8f5aed693e1e91d79c20741663ad6eff07a6d2c433d1831acc9814e8d7bada6a0471fbb91d09ceb2bf5c2
  languageName: node
  linkType: hard

"lodash@npm:^4.17.21":
  version: 4.17.21
  resolution: "lodash@npm:4.17.21"
  checksum: eb835a2e51d381e561e508ce932ea50a8e5a68f4ebdd771ea240d3048244a8d13658acbd502cd4829768c56f2e16bdd4340b9ea141297d472517b83868e677f7
  languageName: node
  linkType: hard

"loose-envify@npm:^1.1.0":
  version: 1.4.0
  resolution: "loose-envify@npm:1.4.0"
  dependencies:
    js-tokens: ^3.0.0 || ^4.0.0
  bin:
    loose-envify: cli.js
  checksum: 6517e24e0cad87ec9888f500c5b5947032cdfe6ef65e1c1936a0c48a524b81e65542c9c3edc91c97d5bddc806ee2a985dbc79be89215d613b1de5db6d1cfe6f4
  languageName: node
  linkType: hard

"lru-cache@npm:^6.0.0":
  version: 6.0.0
  resolution: "lru-cache@npm:6.0.0"
  dependencies:
    yallist: ^4.0.0
  checksum: f97f499f898f23e4585742138a22f22526254fdba6d75d41a1c2526b3b6cc5747ef59c5612ba7375f42aca4f8461950e925ba08c991ead0651b4918b7c978297
  languageName: node
  linkType: hard

"ms@npm:^2.1.1":
  version: 2.1.3
  resolution: "ms@npm:2.1.3"
  checksum: aa92de608021b242401676e35cfa5aa42dd70cbdc082b916da7fb925c542173e36bce97ea3e804923fe92c0ad991434e4a38327e15a1b5b5f945d66df615ae6d
  languageName: node
  linkType: hard

"nanoid@npm:^3.3.4":
  version: 3.3.4
  resolution: "nanoid@npm:3.3.4"
  bin:
    nanoid: bin/nanoid.cjs
  checksum: 2fddd6dee994b7676f008d3ffa4ab16035a754f4bb586c61df5a22cf8c8c94017aadd360368f47d653829e0569a92b129979152ff97af23a558331e47e37cd9c
  languageName: node
  linkType: hard

next@latest:
  version: 12.3.0
  resolution: "next@npm:12.3.0"
  dependencies:
    "@next/env": 12.3.0
    "@next/swc-android-arm-eabi": 12.3.0
    "@next/swc-android-arm64": 12.3.0
    "@next/swc-darwin-arm64": 12.3.0
    "@next/swc-darwin-x64": 12.3.0
    "@next/swc-freebsd-x64": 12.3.0
    "@next/swc-linux-arm-gnueabihf": 12.3.0
    "@next/swc-linux-arm64-gnu": 12.3.0
    "@next/swc-linux-arm64-musl": 12.3.0
    "@next/swc-linux-x64-gnu": 12.3.0
    "@next/swc-linux-x64-musl": 12.3.0
    "@next/swc-win32-arm64-msvc": 12.3.0
    "@next/swc-win32-ia32-msvc": 12.3.0
    "@next/swc-win32-x64-msvc": 12.3.0
    "@swc/helpers": 0.4.11
    caniuse-lite: ^1.0.30001332
    postcss: 8.4.14
    styled-jsx: 5.0.6
    use-sync-external-store: 1.2.0
  peerDependencies:
    fibers: ">= 3.1.0"
    node-sass: ^6.0.0 || ^7.0.0
    react: ^17.0.2 || ^18.0.0-0
    react-dom: ^17.0.2 || ^18.0.0-0
    sass: ^1.3.0
  dependenciesMeta:
    "@next/swc-android-arm-eabi":
      optional: true
    "@next/swc-android-arm64":
      optional: true
    "@next/swc-darwin-arm64":
      optional: true
    "@next/swc-darwin-x64":
      optional: true
    "@next/swc-freebsd-x64":
      optional: true
    "@next/swc-linux-arm-gnueabihf":
      optional: true
    "@next/swc-linux-arm64-gnu":
      optional: true
    "@next/swc-linux-arm64-musl":
      optional: true
    "@next/swc-linux-x64-gnu":
      optional: true
    "@next/swc-linux-x64-musl":
      optional: true
    "@next/swc-win32-arm64-msvc":
      optional: true
    "@next/swc-win32-ia32-msvc":
      optional: true
    "@next/swc-win32-x64-msvc":
      optional: true
  peerDependenciesMeta:
    fibers:
      optional: true
    node-sass:
      optional: true
    sass:
      optional: true
  bin:
    next: dist/bin/next
  checksum: eafed4732d1d3cfdc4ccfdd6e1047d24b29f0d19587a03d46581e77988e4a081d206ad373de98858dfbc7109308fe1ad39d0b8443ea19276fb11fa5634080841
  languageName: node
  linkType: hard

"object-hash@npm:^2.2.0":
  version: 2.2.0
  resolution: "object-hash@npm:2.2.0"
  checksum: 55ba841e3adce9c4f1b9b46b41983eda40f854e0d01af2802d3ae18a7085a17168d6b81731d43fdf1d6bcbb3c9f9c56d22c8fea992203ad90a38d7d919bc28f1
  languageName: node
  linkType: hard

"oidc-token-hash@npm:^5.0.3":
  version: 5.0.3
  resolution: "oidc-token-hash@npm:5.0.3"
  checksum: 35fa19aea9ff2c509029ec569d74b778c8a215b92bd5e6e9bc4ebbd7ab035f44304ff02430a6397c3fb7c1d15ebfa467807ca0bcd31d06ba610b47798287d303
  languageName: node
  linkType: hard

"openid-client@npm:^5.4.2":
  version: 5.4.2
  resolution: "openid-client@npm:5.4.2"
  dependencies:
    jose: ^4.14.1
    lru-cache: ^6.0.0
    object-hash: ^2.2.0
    oidc-token-hash: ^5.0.3
  checksum: 0f3570990a4979aff8581de35078c82d21d45baed9805e0e385dfc62c24fa295ee82d86386846a33bc33ed3b524a5406d8564f9f927420027719f84bf1d8b741
  languageName: node
  linkType: hard

"picocolors@npm:^1.0.0":
  version: 1.0.0
  resolution: "picocolors@npm:1.0.0"
  checksum: a2e8092dd86c8396bdba9f2b5481032848525b3dc295ce9b57896f931e63fc16f79805144321f72976383fc249584672a75cc18d6777c6b757603f372f745981
  languageName: node
  linkType: hard

"postcss@npm:8.4.14":
  version: 8.4.14
  resolution: "postcss@npm:8.4.14"
  dependencies:
    nanoid: ^3.3.4
    picocolors: ^1.0.0
    source-map-js: ^1.0.2
  checksum: fe58766ff32e4becf65a7d57678995cfd239df6deed2fe0557f038b47c94e4132e7e5f68b5aa820c13adfec32e523b693efaeb65798efb995ce49ccd83953816
  languageName: node
  linkType: hard

"react-dom@npm:18.2.0":
  version: 18.2.0
  resolution: "react-dom@npm:18.2.0"
  dependencies:
    loose-envify: ^1.1.0
    scheduler: ^0.23.0
  peerDependencies:
    react: ^18.2.0
  checksum: 7d323310bea3a91be2965f9468d552f201b1c27891e45ddc2d6b8f717680c95a75ae0bc1e3f5cf41472446a2589a75aed4483aee8169287909fcd59ad149e8cc
  languageName: node
  linkType: hard

"react@npm:18.2.0":
  version: 18.2.0
  resolution: "react@npm:18.2.0"
  dependencies:
    loose-envify: ^1.1.0
  checksum: 88e38092da8839b830cda6feef2e8505dec8ace60579e46aa5490fc3dc9bba0bd50336507dc166f43e3afc1c42939c09fe33b25fae889d6f402721dcd78fca1b
  languageName: node
  linkType: hard

"safe-buffer@npm:^5.0.1":
  version: 5.2.1
  resolution: "safe-buffer@npm:5.2.1"
  checksum: b99c4b41fdd67a6aaf280fcd05e9ffb0813654894223afb78a31f14a19ad220bba8aba1cb14eddce1fcfb037155fe6de4e861784eb434f7d11ed58d1e70dd491
  languageName: node
  linkType: hard

"scheduler@npm:^0.23.0":
  version: 0.23.0
  resolution: "scheduler@npm:0.23.0"
  dependencies:
    loose-envify: ^1.1.0
  checksum: d79192eeaa12abef860c195ea45d37cbf2bbf5f66e3c4dcd16f54a7da53b17788a70d109ee3d3dde1a0fd50e6a8fc171f4300356c5aee4fc0171de526bf35f8a
  languageName: node
  linkType: hard

"semver@npm:^7.3.8":
  version: 7.5.1
  resolution: "semver@npm:7.5.1"
  dependencies:
    lru-cache: ^6.0.0
  bin:
    semver: bin/semver.js
  checksum: d16dbedad53c65b086f79524b9ef766bf38670b2395bdad5c957f824dcc566b624988013564f4812bcace3f9d405355c3635e2007396a39d1bffc71cfec4a2fc
  languageName: node
  linkType: hard

"source-map-js@npm:^1.0.2":
  version: 1.0.2
  resolution: "source-map-js@npm:1.0.2"
  checksum: c049a7fc4deb9a7e9b481ae3d424cc793cb4845daa690bc5a05d428bf41bf231ced49b4cf0c9e77f9d42fdb3d20d6187619fc586605f5eabe995a316da8d377c
  languageName: node
  linkType: hard

"storyblok-js-client@npm:^5.10.5":
  version: 5.10.5
  resolution: "storyblok-js-client@npm:5.10.5"
  checksum: c11acf220d1a6d444aad8c293fe4036776540b00657918325e1049bf733fcca9b70bcf26074a69a84d3b6a07d3ad66786233f5687a9884f5d32d237a3d7aada8
  languageName: node
  linkType: hard

"styled-jsx@npm:5.0.6":
  version: 5.0.6
  resolution: "styled-jsx@npm:5.0.6"
  peerDependencies:
    react: ">= 16.8.0 || 17.x.x || ^18.0.0-0"
  peerDependenciesMeta:
    "@babel/core":
      optional: true
    babel-plugin-macros:
      optional: true
  checksum: 9e41cb6958fcb980dbfcfee2fb133de61cc0873df9304d2476ab35930679fc3b3c1d968a503c9b0afa459f243c288119e35d0fd31cf3066c2ba0e130c4d2f87e
  languageName: node
  linkType: hard

"tslib@npm:^2.4.0":
  version: 2.4.0
  resolution: "tslib@npm:2.4.0"
  checksum: 8c4aa6a3c5a754bf76aefc38026134180c053b7bd2f81338cb5e5ebf96fefa0f417bff221592bf801077f5bf990562f6264fecbc42cd3309b33872cb6fc3b113
  languageName: node
  linkType: hard

"typescript@npm:5.0.4":
  version: 5.0.4
  resolution: "typescript@npm:5.0.4"
  bin:
    tsc: bin/tsc
    tsserver: bin/tsserver
  checksum: 82b94da3f4604a8946da585f7d6c3025fff8410779e5bde2855ab130d05e4fd08938b9e593b6ebed165bda6ad9292b230984f10952cf82f0a0ca07bbeaa08172
  languageName: node
  linkType: hard

"typescript@patch:typescript@5.0.4#~builtin<compat/typescript>":
  version: 5.0.4
  resolution: "typescript@patch:typescript@npm%3A5.0.4#~builtin<compat/typescript>::version=5.0.4&hash=701156"
  bin:
    tsc: bin/tsc
    tsserver: bin/tsserver
  checksum: 6a1fe9a77bb9c5176ead919cc4a1499ee63e46b4e05bf667079f11bf3a8f7887f135aa72460a4c3b016e6e6bb65a822cb8689a6d86cbfe92d22cc9f501f09213
  languageName: node
  linkType: hard

"use-sync-external-store@npm:1.2.0":
  version: 1.2.0
  resolution: "use-sync-external-store@npm:1.2.0"
  peerDependencies:
    react: ^16.8.0 || ^17.0.0 || ^18.0.0
  checksum: 5c639e0f8da3521d605f59ce5be9e094ca772bd44a4ce7322b055a6f58eeed8dda3c94cabd90c7a41fb6fa852210092008afe48f7038792fd47501f33299116a
  languageName: node
  linkType: hard

"yallist@npm:^4.0.0":
  version: 4.0.0
  resolution: "yallist@npm:4.0.0"
  checksum: 343617202af32df2a15a3be36a5a8c0c8545208f3d3dfbc6bb7c3e3b7e8c6f8e7485432e4f3b88da3031a6e20afa7c711eded32ddfb122896ac5d914e75848d5
  languageName: node
  linkType: hard
